
Microsoft Visual Studio Solution File, Format Version 12.00
# Visual Studio Version 17
VisualStudioVersion = 17.9.34607.119
MinimumVisualStudioVersion = 10.0.40219.1
Project("{8BC9CEB8-8B4A-11D0-8D11-00A0C91BC942}") = "DataBase_in_C", "DataBase_in_C\DataBase_in_C.vcxproj", "{A150BE4A-BE25-4DDB-AAA9-3CDF22FA9E04}"
EndProject
Global
	GlobalSection(SolutionConfigurationPlatforms) = preSolution
		Debug|x64 = Debug|x64
		Debug|x86 = Debug|x86
		Release|x64 = Release|x64
		Release|x86 = Release|x86
	EndGlobalSection
	GlobalSection(ProjectConfigurationPlatforms) = postSolution
		{A150BE4A-BE25-4DDB-AAA9-3CDF22FA9E04}.Debug|x64.ActiveCfg = Debug|x64
		{A150BE4A-BE25-4DDB-AAA9-3CDF22FA9E04}.Debug|x64.Build.0 = Debug|x64
		{A150BE4A-BE25-4DDB-AAA9-3CDF22FA9E04}.Debug|x86.ActiveCfg = Debug|Win32
		{A150BE4A-BE25-4DDB-AAA9-3CDF22FA9E04}.Debug|x86.Build.0 = Debug|Win32
		{A150BE4A-BE25-4DDB-AAA9-3CDF22FA9E04}.Release|x64.ActiveCfg = Release|x64
		{A150BE4A-BE25-4DDB-AAA9-3CDF22FA9E04}.Release|x64.Build.0 = Release|x64
		{A150BE4A-BE25-4DDB-AAA9-3CDF22FA9E04}.Release|x86.ActiveCfg = Release|Win32
		{A150BE4A-BE25-4DDB-AAA9-3CDF22FA9E04}.Release|x86.Build.0 = Release|Win32
	EndGlobalSection
	GlobalSection(SolutionProperties) = preSolution
		HideSolutionNode = FALSE
	EndGlobalSection
	GlobalSection(ExtensibilityGlobals) = postSolution
		SolutionGuid = {6285D406-D06E-4FB0-9A5B-E2CA9C7DCDEE}
	EndGlobalSection
EndGlobal
